{
    "hash": "12a99259f655bfc1eff0d3fe5517e1cd",
    "packages": [
        {
            "name": "hosiplan/nette-autowire-properties",
            "version": "dev-master",
            "source": {
                "type": "git",
                "url": "https://github.com/HosipLan/Nette-AutowireProperties",
                "reference": "v0.1.1"
            },
            "dist": {
                "type": "zip",
                "url": "https://github.com/HosipLan/Nette-AutowireProperties/archive/v0.1.1.zip",
                "reference": "v0.1.1",
                "shasum": ""
            },
            "require": {
                "nette/nette": "*"
            },
            "time": "2012-12-21 13:52:10",
            "type": "library",
            "autoload": {
                "classmap": [
                    "src/"
                ]
            },
            "notification-url": "http://packagist.org/downloads/",
            "license": [
                "BSD-3-Clause",
                "GPL-2.0",
                "GPL-3.0"
            ],
            "authors": [
                {
                    "name": "Filip Procházka",
                    "homepage": "http://filip-prochazka.com"
                }
            ],
            "description": "Lazy-Autowire of properties for Nette PresenterComponents.",
            "keywords": [
                "nette"
            ]
        },
        {
            "name": "janmarek/mockista",
            "version": "dev-master",
            "source": {
                "type": "git",
                "url": "https://github.com/janmarek/mockista.git",
                "reference": "e53eb003525f57b3cd3c48b5630a898b5a078251"
            },
            "dist": {
                "type": "zip",
                "url": "https://api.github.com/repos/janmarek/mockista/zipball/e53eb003525f57b3cd3c48b5630a898b5a078251",
                "reference": "e53eb003525f57b3cd3c48b5630a898b5a078251",
                "shasum": ""
            },
            "time": "2013-02-25 22:33:22",
            "type": "library",
            "autoload": {
                "psr-0": {
                    "Mockista": ""
                },
                "files": [
                    "Mockista/functions.php"
                ]
            },
            "notification-url": "http://packagist.org/downloads/",
            "license": [
                "BSD-3-Clause"
            ],
            "authors": [
                {
                    "name": "Jiří Knesl",
                    "homepage": "http://www.knesl.com/"
                },
                {
                    "name": "Jan Marek",
                    "homepage": "http://www.janmarek.net/"
                }
            ],
            "description": "Mockista is library for mocking, which I've written, because I find mocking in PHPUnit awful.",
            "homepage": "http://www.mockista.com/",
            "keywords": [
                "BDD",
                "TDD",
                "mock",
                "mocking",
                "mockista",
                "phpunit",
                "testing",
                "tests"
            ]
        },
        {
            "name": "kdyby/events",
            "version": "dev-master",
            "source": {
                "type": "git",
                "url": "https://github.com/Kdyby/Events.git",
                "reference": "95980d4360f76383d2f8c06b5de028511a574652"
            },
            "dist": {
                "type": "zip",
                "url": "https://api.github.com/repos/Kdyby/Events/zipball/95980d4360f76383d2f8c06b5de028511a574652",
                "reference": "95980d4360f76383d2f8c06b5de028511a574652",
                "shasum": ""
            },
            "require": {
                "nette/nette": "@dev"
            },
            "require-dev": {
                "nette/tester": "@dev"
            },
            "time": "2013-02-20 16:16:13",
            "type": "library",
            "autoload": {
                "psr-0": {
                    "Kdyby\\Events\\": "src/"
                },
                "classmap": [
                    "src/Kdyby/Events/exceptions.php"
                ],
                "files": [
                    "src/Doctrine/compatibility.php"
                ]
            },
            "notification-url": "http://packagist.org/downloads/",
            "license": [
                "BSD-3-Clause",
                "GPL-2.0",
                "GPL-3.0"
            ],
            "authors": [
                {
                    "name": "Filip Procházka",
                    "homepage": "http://filip-prochazka.com"
                }
            ],
            "description": "Events for Nette Framework",
            "homepage": "http://kdyby.org",
            "keywords": [
                "kdyby",
                "nette"
            ]
        },
        {
            "name": "kdyby/nette-session-panel",
            "version": "dev-master",
            "source": {
                "type": "git",
                "url": "https://github.com/HosipLan/Nette-Session-DebugBar.git",
                "reference": "d3b1ad2352a060388f4618467e937bbc1ee666ff"
            },
            "dist": {
                "type": "zip",
                "url": "https://api.github.com/repos/HosipLan/Nette-Session-DebugBar/zipball/d3b1ad2352a060388f4618467e937bbc1ee666ff",
                "reference": "d3b1ad2352a060388f4618467e937bbc1ee666ff",
                "shasum": ""
            },
            "require": {
                "nette/nette": "*",
                "php": ">=5.3.2"
            },
            "time": "2013-02-09 15:14:19",
            "type": "library",
            "autoload": {
                "psr-0": {
                    "Kdyby": "libs/"
                }
            },
            "notification-url": "http://packagist.org/downloads/",
            "license": [
                "BSD-3",
                "GPLv2",
                "GPLv3"
            ],
            "authors": [
                {
                    "name": "Filip Procházka",
                    "homepage": "http://filip-prochazka.com/"
                },
                {
                    "name": "Pavel Železný",
                    "homepage": "http://pavelzelezny.cz/"
                }
            ],
            "description": "Nette DebugBar panel, that allows you inspect your sessions.",
            "homepage": "http://kdyby.org",
            "keywords": [
                "nette",
                "panel",
                "session"
            ]
        },
        {
            "name": "nette/nette",
            "version": "dev-master",
            "source": {
                "type": "git",
                "url": "https://github.com/nette/nette.git",
                "reference": "6ee8531a12a396ea8166342c55fe5110f8f381a6"
            },
            "dist": {
                "type": "zip",
                "url": "https://api.github.com/repos/nette/nette/zipball/6ee8531a12a396ea8166342c55fe5110f8f381a6",
                "reference": "6ee8531a12a396ea8166342c55fe5110f8f381a6",
                "shasum": ""
            },
            "require": {
                "ext-iconv": "*",
                "ext-tokenizer": "*",
                "php": ">=5.3.0"
            },
            "require-dev": {
                "nette/tester": "@dev"
            },
            "suggest": {
                "ext-fileinfo": "*",
                "ext-gd": "*",
                "ext-mbstring": "*",
                "ext-memcache": "*",
                "ext-pdo": "*"
            },
            "time": "2013-03-14 11:30:16",
            "type": "library",
            "extra": {
                "branch-alias": {
                    "dev-master": "2.1-dev"
                }
            },
            "autoload": {
                "files": [
                    "Nette/loader.php"
                ]
            },
            "notification-url": "http://packagist.org/downloads/",
            "license": [
                "BSD-3-Clause",
                "GPL-2.0",
                "GPL-3.0"
            ],
            "authors": [
                {
                    "name": "David Grudl",
                    "homepage": "http://davidgrudl.com"
                },
                {
                    "name": "Nette Community",
                    "homepage": "http://nette.org/contributors"
                }
            ],
            "description": "Nette Framework - innovative framework for fast and easy development of secured web applications in PHP. Write less, have cleaner code and your work will bring you joy.",
            "homepage": "http://nette.org",
            "keywords": [
                "Forms",
                "database",
                "dbal",
                "debugging",
                "framework",
                "images",
                "latte",
                "mailing",
                "micro",
                "mvc",
                "neon",
                "templating"
            ]
        },
        {
            "name": "nextras/forms",
            "version": "dev-master",
            "source": {
                "type": "git",
                "url": "https://github.com/nextras/forms.git",
                "reference": "c14424a8b77d7cbae3e07f50923078db8eaec40a"
            },
            "dist": {
                "type": "zip",
                "url": "https://api.github.com/repos/nextras/forms/zipball/c14424a8b77d7cbae3e07f50923078db8eaec40a",
                "reference": "c14424a8b77d7cbae3e07f50923078db8eaec40a",
                "shasum": ""
            },
            "require": {
                "nette/nette": ">=2.0.0",
                "php": ">=5.3.0"
            },
            "time": "2013-03-04 18:27:47",
            "type": "library",
            "autoload": {
                "psr-0": {
                    "Nextras\\Forms": ""
                }
            },
            "notification-url": "http://packagist.org/downloads/",
            "license": [
                "BSD-3-Clause",
                "GPL-2.0",
                "GPL-3.0"
            ],
            "authors": [
                {
                    "name": "David Grudl",
                    "homepage": "http://davidgrudl.com"
                },
                {
                    "name": "Nextras Community",
                    "homepage": "https://github.com/nextras/forms/graphs/contributors"
                }
            ],
            "description": "Extra form components for Nette Framework.",
            "keywords": [
                "form",
                "nette"
            ]
        }
    ],
    "packages-dev": null,
    "aliases": [

    ],
    "minimum-stability": "dev",
    "stability-flags": {
        "nette/nette": 20,
        "nextras/forms": 20,
        "kdyby/events": 20,
        "kdyby/nette-session-panel": 20,
        "hosiplan/nette-autowire-properties": 20,
        "janmarek/mockista": 20
    }
}
