{
    "hash": "336476f95caefa0c01881dcd90baee3b",
    "packages": [
        {
            "name": "hosiplan/nette-autowire-properties",
            "version": "dev-master",
            "source": {
                "type": "git",
                "url": "https://github.com/HosipLan/Nette-AutowireProperties.git",
                "reference": "v0.1.1"
            },
            "dist": {
                "type": "zip",
                "url": "https://api.github.com/repos/HosipLan/Nette-AutowireProperties/zipball/v0.1.1",
                "reference": "v0.1.1",
                "shasum": ""
            },
            "require": {
                "nette/nette": "*"
            },
            "type": "library",
            "autoload": {
                "classmap": [
                    "src/"
                ]
            },
            "notification-url": "http://packagist.org/downloads/",
            "license": [
                "BSD-3-Clause",
                "GPL-2.0",
                "GPL-3.0"
            ],
            "authors": [
                {
                    "name": "Filip Procházka",
                    "homepage": "http://filip-prochazka.com"
                }
            ],
            "description": "Lazy-Autowire of properties for Nette PresenterComponents.",
            "keywords": [
                "nette"
            ],
            "time": "2012-12-21 13:52:10"
        },
        {
            "name": "janmarek/mockista",
            "version": "dev-master",
            "source": {
                "type": "git",
                "url": "https://github.com/janmarek/mockista.git",
                "reference": "e53eb003525f57b3cd3c48b5630a898b5a078251"
            },
            "dist": {
                "type": "zip",
                "url": "https://api.github.com/repos/janmarek/mockista/zipball/e53eb003525f57b3cd3c48b5630a898b5a078251",
                "reference": "e53eb003525f57b3cd3c48b5630a898b5a078251",
                "shasum": ""
            },
            "type": "library",
            "autoload": {
                "psr-0": {
                    "Mockista": ""
                },
                "files": [
                    "Mockista/functions.php"
                ]
            },
            "notification-url": "http://packagist.org/downloads/",
            "license": [
                "BSD-3-Clause"
            ],
            "authors": [
                {
                    "name": "Jiří Knesl",
                    "homepage": "http://www.knesl.com/"
                },
                {
                    "name": "Jan Marek",
                    "homepage": "http://www.janmarek.net/"
                }
            ],
            "description": "Mockista is library for mocking, which I've written, because I find mocking in PHPUnit awful.",
            "homepage": "http://www.mockista.com/",
            "keywords": [
                "BDD",
                "TDD",
                "mock",
                "mocking",
                "mockista",
                "phpunit",
                "testing",
                "tests"
            ],
            "time": "2013-02-25 22:33:22"
        },
        {
            "name": "kdyby/events",
            "version": "dev-master",
            "source": {
                "type": "git",
                "url": "https://github.com/Kdyby/Events.git",
                "reference": "6bddb42cf77bb5571fc7217ac8b7b504d8d34fb6"
            },
            "dist": {
                "type": "zip",
                "url": "https://api.github.com/repos/Kdyby/Events/zipball/6bddb42cf77bb5571fc7217ac8b7b504d8d34fb6",
                "reference": "6bddb42cf77bb5571fc7217ac8b7b504d8d34fb6",
                "shasum": ""
            },
            "require": {
                "nette/nette": "@dev"
            },
            "require-dev": {
                "nette/tester": "@dev"
            },
            "type": "library",
            "autoload": {
                "psr-0": {
                    "Kdyby\\Events\\": "src/"
                },
                "classmap": [
                    "src/Kdyby/Events/exceptions.php"
                ],
                "files": [
                    "src/Doctrine/compatibility.php"
                ]
            },
            "notification-url": "http://packagist.org/downloads/",
            "license": [
                "BSD-3-Clause",
                "GPL-2.0",
                "GPL-3.0"
            ],
            "authors": [
                {
                    "name": "Filip Procházka",
                    "homepage": "http://filip-prochazka.com"
                }
            ],
            "description": "Events for Nette Framework",
            "homepage": "http://kdyby.org",
            "keywords": [
                "kdyby",
                "nette"
            ],
            "time": "2013-04-21 21:33:36"
        },
        {
            "name": "kdyby/forms-replicator",
            "version": "dev-master",
            "source": {
                "type": "git",
                "url": "https://github.com/Kdyby/Replicator.git",
                "reference": "040ac3c959473f2c78832bafc5475089751b44db"
            },
            "dist": {
                "type": "zip",
                "url": "https://api.github.com/repos/Kdyby/Replicator/zipball/040ac3c959473f2c78832bafc5475089751b44db",
                "reference": "040ac3c959473f2c78832bafc5475089751b44db",
                "shasum": ""
            },
            "require": {
                "nette/nette": "@dev"
            },
            "require-dev": {
                "nette/tester": "@dev"
            },
            "type": "library",
            "autoload": {
                "psr-0": {
                    "Kdyby\\Replicator\\": "src/"
                }
            },
            "notification-url": "http://packagist.org/downloads/",
            "license": [
                "BSD-3-Clause",
                "GPL-2.0",
                "GPL-3.0"
            ],
            "authors": [
                {
                    "name": "Filip Procházka",
                    "homepage": "http://filip-prochazka.com"
                }
            ],
            "description": "Nette forms container replicator aka addDynamic",
            "homepage": "http://kdyby.org",
            "keywords": [
                "Forms",
                "addDynamic",
                "kdyby",
                "nette",
                "replicator"
            ],
            "time": "2013-04-03 12:35:12"
        },
        {
            "name": "kdyby/nette-session-panel",
            "version": "dev-master",
            "source": {
                "type": "git",
                "url": "https://github.com/HosipLan/Nette-Session-DebugBar.git",
                "reference": "d3b1ad2352a060388f4618467e937bbc1ee666ff"
            },
            "dist": {
                "type": "zip",
                "url": "https://api.github.com/repos/HosipLan/Nette-Session-DebugBar/zipball/d3b1ad2352a060388f4618467e937bbc1ee666ff",
                "reference": "d3b1ad2352a060388f4618467e937bbc1ee666ff",
                "shasum": ""
            },
            "require": {
                "nette/nette": "*",
                "php": ">=5.3.2"
            },
            "type": "library",
            "autoload": {
                "psr-0": {
                    "Kdyby": "libs/"
                }
            },
            "notification-url": "http://packagist.org/downloads/",
            "license": [
                "BSD-3",
                "GPLv2",
                "GPLv3"
            ],
            "authors": [
                {
                    "name": "Filip Procházka",
                    "homepage": "http://filip-prochazka.com/"
                },
                {
                    "name": "Pavel Železný",
                    "homepage": "http://pavelzelezny.cz/"
                }
            ],
            "description": "Nette DebugBar panel, that allows you inspect your sessions.",
            "homepage": "http://kdyby.org",
            "keywords": [
                "nette",
                "panel",
                "session"
            ],
            "time": "2013-02-09 15:14:19"
        },
        {
            "name": "mobiledetect/mobiledetectlib",
            "version": "dev-master",
            "source": {
                "type": "git",
                "url": "https://github.com/serbanghita/Mobile-Detect.git",
                "reference": "b1c8f714b613233f6fc42e73337d5e472db8b609"
            },
            "dist": {
                "type": "zip",
                "url": "https://api.github.com/repos/serbanghita/Mobile-Detect/zipball/b1c8f714b613233f6fc42e73337d5e472db8b609",
                "reference": "b1c8f714b613233f6fc42e73337d5e472db8b609",
                "shasum": ""
            },
            "require": {
                "php": ">=5.0.0"
            },
            "type": "library",
            "autoload": {
                "classmap": [
                    "Mobile_Detect.php"
                ]
            },
            "notification-url": "http://packagist.org/downloads/",
            "license": [
                "MIT"
            ],
            "authors": [
                {
                    "name": "Serban Ghita",
                    "email": "serbanghita@gmail.com",
                    "homepage": "http://ghita.org",
                    "role": "Developer"
                }
            ],
            "description": "Mobile_Detect is a lightweight PHP class for detecting mobile devices. It uses the User-Agent string combined with specific HTTP headers to detect the mobile environment.",
            "homepage": "https://github.com/serbanghita/Mobile-Detect",
            "keywords": [
                "detect mobile devices",
                "mobile",
                "mobile detect",
                "mobile detector",
                "php mobile detect"
            ],
            "time": "2013-04-17 13:24:56"
        },
        {
            "name": "nette/nette",
            "version": "dev-master",
            "source": {
                "type": "git",
                "url": "https://github.com/nette/nette.git",
                "reference": "52143b225f1ae539b1d59a4bdc8a8af8d3a3a9bb"
            },
            "dist": {
                "type": "zip",
                "url": "https://api.github.com/repos/nette/nette/zipball/e1983bb1cb5820097456be28b202264953fadfed",
                "reference": "52143b225f1ae539b1d59a4bdc8a8af8d3a3a9bb",
                "shasum": ""
            },
            "require": {
                "ext-iconv": "*",
                "ext-tokenizer": "*",
                "php": ">=5.3.0"
            },
            "require-dev": {
                "nette/tester": "@dev"
            },
            "suggest": {
                "ext-fileinfo": "*",
                "ext-gd": "*",
                "ext-mbstring": "*",
                "ext-memcache": "*",
                "ext-pdo": "*"
            },
            "type": "library",
            "extra": {
                "branch-alias": {
                    "dev-master": "2.1-dev"
                }
            },
            "autoload": {
                "files": [
                    "Nette/loader.php"
                ]
            },
            "notification-url": "http://packagist.org/downloads/",
            "license": [
                "BSD-3-Clause",
                "GPL-2.0",
                "GPL-3.0"
            ],
            "authors": [
                {
                    "name": "David Grudl",
                    "homepage": "http://davidgrudl.com"
                },
                {
                    "name": "Nette Community",
                    "homepage": "http://nette.org/contributors"
                }
            ],
            "description": "Nette Framework - innovative framework for fast and easy development of secured web applications in PHP. Write less, have cleaner code and your work will bring you joy.",
            "homepage": "http://nette.org",
            "keywords": [
                "Forms",
                "database",
                "dbal",
                "debugging",
                "framework",
                "images",
                "latte",
                "mailing",
                "micro",
                "mvc",
                "neon",
                "templating"
            ],
            "time": "2013-04-15 14:43:07"
        },
        {
            "name": "nextras/datagrid",
            "version": "dev-master",
            "source": {
                "type": "git",
                "url": "https://github.com/Achtan/datagrid.git",
                "reference": "15ef6a2e5482244924eb3336cd1aec0ace677cca"
            },
            "require": {
                "nette/nette": ">=2.0.0",
                "php": ">=5.3.0"
            },
            "type": "library",
            "autoload": {
                "psr-0": {
                    "Nextras\\Datagrid": ""
                }
            },
            "license": [
                "MIT"
            ],
            "authors": [
                {
                    "name": "Jan Skrasek",
                    "email": "hrach.cz@gmail.com",
                    "homepage": "http://jan.skrasek.com"
                }
            ],
            "description": "Datagrid component for Nette Framework.",
            "keywords": [
                "datagrid",
                "nette",
                "nextras"
            ],
            "time": "2013-03-22 15:03:49"
        },
        {
            "name": "nextras/forms",
            "version": "dev-master",
            "source": {
                "type": "git",
                "url": "https://github.com/nextras/forms.git",
                "reference": "1acbac741b0c46851fa83daa49cabb5fa64b6f0d"
            },
            "dist": {
                "type": "zip",
                "url": "https://api.github.com/repos/nextras/forms/zipball/1acbac741b0c46851fa83daa49cabb5fa64b6f0d",
                "reference": "1acbac741b0c46851fa83daa49cabb5fa64b6f0d",
                "shasum": ""
            },
            "require": {
                "nette/nette": ">=2.0.0",
                "php": ">=5.3.0"
            },
            "type": "library",
            "autoload": {
                "psr-0": {
                    "Nextras\\Forms": ""
                }
            },
            "notification-url": "http://packagist.org/downloads/",
            "license": [
                "BSD-3-Clause",
                "GPL-2.0",
                "GPL-3.0"
            ],
            "authors": [
                {
                    "name": "David Grudl",
                    "homepage": "http://davidgrudl.com"
                },
                {
                    "name": "Nextras Community",
                    "homepage": "https://github.com/nextras/forms/graphs/contributors"
                }
            ],
            "description": "Extra form components for Nette Framework.",
            "keywords": [
                "form",
                "nette"
            ],
            "time": "2013-04-09 14:26:20"
        },
        {
            "name": "texy/texy",
            "version": "dev-release-2.x",
            "source": {
                "type": "git",
                "url": "https://github.com/dg/texy.git",
                "reference": "v2.2.0"
            },
            "dist": {
                "type": "zip",
                "url": "https://api.github.com/repos/dg/texy/zipball/v2.2.0",
                "reference": "v2.2.0",
                "shasum": ""
            },
            "type": "library",
            "autoload": {
                "classmap": [
                    "Texy/"
                ]
            },
            "notification-url": "http://packagist.org/downloads/",
            "license": [
                "BSD-3",
                "GPLv2",
                "GPLv3"
            ],
            "authors": [
                {
                    "name": "David Grudl",
                    "homepage": "http://davidgrudl.com"
                }
            ],
            "description": "Texy converts plain text in easy to read Texy syntax into structurally valid (X)HTML. It supports adding of images, links, nested lists, tables and has full support for CSS. Texy supports hyphenation of long words (which reflects language rules), clickable emails and URL (emails are obfuscated against spambots), national typographic single and double quotation marks, ellipses, em dashes, dimension sign, nonbreakable spaces (e.g. in phone numbers), acronyms, arrows and many others. Texy code can optionally contain HTML tags.",
            "homepage": "http://texy.info",
            "keywords": [
                "html",
                "markdown",
                "markup language",
                "plain text",
                "text",
                "textile",
                "texy",
                "wiki",
                "xhtml"
            ],
            "time": "2013-04-03 11:37:41"
        }
    ],
    "packages-dev": [

    ],
    "aliases": [
        {
            "alias": "@dev",
            "alias_normalized": "dev-@",
            "version": "9999999-dev",
            "package": "nette/nette"
        }
    ],
    "minimum-stability": "dev",
    "stability-flags": {
        "nette/nette": 20,
        "nextras/forms": 20,
        "nextras/datagrid": 20,
        "kdyby/events": 20,
        "kdyby/nette-session-panel": 20,
        "kdyby/forms-replicator": 20,
        "hosiplan/nette-autowire-properties": 20,
        "mobiledetect/mobiledetectlib": 20,
        "texy/texy": 20,
        "janmarek/mockista": 20
    },
    "platform": {
        "php": ">= 5.3.0"
    },
    "platform-dev": [

    ]
}
